
Microsoft Visual Studio Solution File, Format Version 12.00
Project("{FAE04EC0-301F-11D3-BF4B-00C04F79EFBC}") = "Hoeyer.OpcUa.Core", "Hoeyer.OpcUa.Core\Hoeyer.OpcUa.Core.csproj", "{83F13633-73EC-4FF5-83E3-96C660BB5A1D}"
EndProject
Project("{FAE04EC0-301F-11D3-BF4B-00C04F79EFBC}") = "Playground.Application", "Playground.Application\Playground.Application.csproj", "{6D779225-B797-4173-90B6-0CB428C2FA6F}"
EndProject
Project("{FAE04EC0-301F-11D3-BF4B-00C04F79EFBC}") = "Hoeyer.Common", "Hoeyer.Common\Hoeyer.Common.csproj", "{870B9A54-BD11-469A-A8D4-7B727C0B5B43}"
EndProject
Project("{FAE04EC0-301F-11D3-BF4B-00C04F79EFBC}") = "Hoeyer.OpcUa.Client", "Hoeyer.OpcUa.Client\Hoeyer.OpcUa.Client.csproj", "{A2AF7699-D5CB-4062-8715-A9B1BDC08F25}"
EndProject
Project("{FAE04EC0-301F-11D3-BF4B-00C04F79EFBC}") = "Hoeyer.OpcUa.Server", "Hoeyer.OpcUa.Server\Hoeyer.OpcUa.Server.csproj", "{6E9C25A3-54AB-49C4-97AB-31E70F9D9BEA}"
EndProject
Project("{2150E333-8FDC-42A3-9474-1A3956D46DE8}") = "src", "src", "{A89A920F-FE1F-41A1-A62D-7E11250B5576}"
EndProject
Project("{2150E333-8FDC-42A3-9474-1A3956D46DE8}") = "test", "test", "{592D1AA6-E902-4D44-BDDA-CF54EA15B5A0}"
EndProject
Project("{2150E333-8FDC-42A3-9474-1A3956D46DE8}") = "compiletime", "compiletime", "{BDF28345-C176-4EF1-887D-12F7EDECF811}"
EndProject
Project("{2150E333-8FDC-42A3-9474-1A3956D46DE8}") = "unittest", "unittest", "{E8FFFC47-3286-4B5E-B95C-1025F8E36D50}"
EndProject
Project("{FAE04EC0-301F-11D3-BF4B-00C04F79EFBC}") = "Hoeyer.OpcUa.Core.SourceGeneration", "Hoeyer.OpcUa.Core.SourceGeneration\Hoeyer.OpcUa.Core.SourceGeneration.csproj", "{2DBA8172-3BD2-4BDB-A841-0D5EB6290992}"
EndProject
Project("{FAE04EC0-301F-11D3-BF4B-00C04F79EFBC}") = "Hoeyer.OpcUa.CompileTime.Test", "Hoeyer.OpcUa.CompileTime.Test\Hoeyer.OpcUa.CompileTime.Test.csproj", "{A1954529-18C3-4C42-A881-0DA8E8C3BF21}"
EndProject
Project("{FAE04EC0-301F-11D3-BF4B-00C04F79EFBC}") = "Hoeyer.OpcUa.TestFramework", "Hoeyer.OpcUa.TestFramework\Hoeyer.OpcUa.TestFramework.csproj", "{C7A8FD51-051F-4108-8E16-1519867BD9F2}"
EndProject
Project("{FAE04EC0-301F-11D3-BF4B-00C04F79EFBC}") = "Hoeyer.OpcUa.EndToEndTest", "Hoeyer.OpcUa.EndToEndTest\Hoeyer.OpcUa.EndToEndTest.csproj", "{65351C5D-1F5C-4961-A839-8BE668BA089B}"
EndProject
Project("{FAE04EC0-301F-11D3-BF4B-00C04F79EFBC}") = "Hoeyer.Common.Test", "Hoeyer.Common.Test\Hoeyer.Common.Test.csproj", "{B460E684-85BD-45D0-9F3D-95790DEC69AB}"
EndProject
Project("{FAE04EC0-301F-11D3-BF4B-00C04F79EFBC}") = "Hoeyer.OpcUa.Core.Test", "Hoeyer.OpcUa.Core.Test\Hoeyer.OpcUa.Core.Test.csproj", "{99A97AC7-B06E-4877-A8AC-131F08BCA45D}"
EndProject
Project("{FAE04EC0-301F-11D3-BF4B-00C04F79EFBC}") = "Hoeyer.OpcUa.Client.Compiletime", "Hoeyer.OpcUa.Client.Compiletime\Hoeyer.OpcUa.Client.Compiletime.csproj", "{D3B0519A-8C35-47F9-AF56-5AB5C4B954AB}"
EndProject
Project("{FAE04EC0-301F-11D3-BF4B-00C04F79EFBC}") = "Playground.Modelling", "Playground.Modelling\Playground.Modelling.csproj", "{CB86AEB9-A556-42B0-942F-9D5A8A5A440F}"
EndProject
Project("{FAE04EC0-301F-11D3-BF4B-00C04F79EFBC}") = "Hoeyer.OpcUa.Simulation.Application", "Hoeyer.OpcUa.Simulation.Application\Hoeyer.OpcUa.Simulation.Application.csproj", "{89ED9BD7-A94C-43CF-92C1-D470EFF9AD91}"
EndProject
Project("{FAE04EC0-301F-11D3-BF4B-00C04F79EFBC}") = "Hoeyer.OpcUa.Simulation.Compiletime", "Hoeyer.OpcUa.Simulation.Compiletime\Hoeyer.OpcUa.Simulation.Compiletime.csproj", "{809988AB-7F2A-4E8D-8A0E-16E3DCA76B04}"
EndProject
Project("{2150E333-8FDC-42A3-9474-1A3956D46DE8}") = "simulation", "simulation", "{BD7E6EA4-E920-48E1-A527-7763B994EB3A}"
EndProject
Project("{FAE04EC0-301F-11D3-BF4B-00C04F79EFBC}") = "Hoeyer.OpcUa.Simulation.Api", "Hoeyer.OpcUa.Simulation.Api\Hoeyer.OpcUa.Simulation.Api.csproj", "{F38CB268-FFD7-4305-BBCF-81202157577A}"
EndProject
Project("{FAE04EC0-301F-11D3-BF4B-00C04F79EFBC}") = "Hoeyer.OpcUa.Simulation.ServerAdapter", "Hoeyer.OpcUa.Simulation.ServerAdapter\Hoeyer.OpcUa.Simulation.ServerAdapter.csproj", "{A92B7A35-BE90-4C66-87EC-500306E75C35}"
EndProject
Project("{2150E333-8FDC-42A3-9474-1A3956D46DE8}") = "client", "client", "{A2247354-5DC4-4F65-B235-A7F3B5170165}"
EndProject
Project("{FAE04EC0-301F-11D3-BF4B-00C04F79EFBC}") = "Hoeyer.OpcUa.Client.Api", "Hoeyer.OpcUa.Client.Api\Hoeyer.OpcUa.Client.Api.csproj", "{C4D01B85-FB21-49D2-8004-B18006DB4056}"
EndProject
Project("{FAE04EC0-301F-11D3-BF4B-00C04F79EFBC}") = "Hoeyer.OpcUa.Simulation.Application.Test", "Hoeyer.OpcUa.Simulation.Application.Test\Hoeyer.OpcUa.Simulation.Application.Test.csproj", "{99003488-4C63-4AE6-AC79-A316FB758E45}"
EndProject
Project("{FAE04EC0-301F-11D3-BF4B-00C04F79EFBC}") = "Hoeyer.OpcUa.Core.Compiletime", "Hoeyer.OpcUa.Core.Compiletime\Hoeyer.OpcUa.Core.Compiletime.csproj", "{112B1E81-DCB9-40A4-AE2F-0EF49D8C98B3}"
EndProject
Project("{FAE04EC0-301F-11D3-BF4B-00C04F79EFBC}") = "Playground.SimulationServer.Containerized", "Playground.SimulationServer.Containerized\Playground.SimulationServer.Containerized.csproj", "{5EE4F679-8787-40DC-A879-2C1C947B87C4}"
EndProject
Project("{FAE04EC0-301F-11D3-BF4B-00C04F79EFBC}") = "Hoeyer.OpcUa.Core.Configuration", "Hoeyer.OpcUa.Core.Configuration\Hoeyer.OpcUa.Core.Configuration.csproj", "{8A8CD1D8-EDEE-4B7C-B229-7775F1EB503F}"
EndProject
Project("{2150E333-8FDC-42A3-9474-1A3956D46DE8}") = "Solution Items", "Solution Items", "{10E654ED-692F-4BB1-B61D-8823CFA8975F}"
	ProjectSection(SolutionItems) = preProject
		compose.yaml = compose.yaml
	EndProjectSection
EndProject
Project("{FAE04EC0-301F-11D3-BF4B-00C04F79EFBC}") = "Playground.Clients", "Playground.Clients\Playground.Clients.csproj", "{3E045D2D-115C-450C-94E2-E3C0D68DF9FF}"
EndProject
Project("{FAE04EC0-301F-11D3-BF4B-00C04F79EFBC}") = "Playground.Server", "Playground.Server\Playground.Server.csproj", "{9FA2FC8A-6806-4D54-9A66-F341FFBBD860}"
EndProject
Project("{2150E333-8FDC-42A3-9474-1A3956D46DE8}") = "example", "example", "{1FCEF48D-9F49-4DE6-A843-A55B286EDFDA}"
EndProject
Global
	GlobalSection(SolutionConfigurationPlatforms) = preSolution
		Debug|Any CPU = Debug|Any CPU
		Release|Any CPU = Release|Any CPU
	EndGlobalSection
	GlobalSection(ProjectConfigurationPlatforms) = postSolution
		{83F13633-73EC-4FF5-83E3-96C660BB5A1D}.Debug|Any CPU.ActiveCfg = Debug|Any CPU
		{83F13633-73EC-4FF5-83E3-96C660BB5A1D}.Debug|Any CPU.Build.0 = Debug|Any CPU
		{83F13633-73EC-4FF5-83E3-96C660BB5A1D}.Release|Any CPU.ActiveCfg = Release|Any CPU
		{83F13633-73EC-4FF5-83E3-96C660BB5A1D}.Release|Any CPU.Build.0 = Release|Any CPU
		{6D779225-B797-4173-90B6-0CB428C2FA6F}.Debug|Any CPU.ActiveCfg = Debug|Any CPU
		{6D779225-B797-4173-90B6-0CB428C2FA6F}.Debug|Any CPU.Build.0 = Debug|Any CPU
		{6D779225-B797-4173-90B6-0CB428C2FA6F}.Release|Any CPU.ActiveCfg = Release|Any CPU
		{6D779225-B797-4173-90B6-0CB428C2FA6F}.Release|Any CPU.Build.0 = Release|Any CPU
		{870B9A54-BD11-469A-A8D4-7B727C0B5B43}.Debug|Any CPU.ActiveCfg = Debug|Any CPU
		{870B9A54-BD11-469A-A8D4-7B727C0B5B43}.Debug|Any CPU.Build.0 = Debug|Any CPU
		{870B9A54-BD11-469A-A8D4-7B727C0B5B43}.Release|Any CPU.ActiveCfg = Release|Any CPU
		{870B9A54-BD11-469A-A8D4-7B727C0B5B43}.Release|Any CPU.Build.0 = Release|Any CPU
		{A2AF7699-D5CB-4062-8715-A9B1BDC08F25}.Debug|Any CPU.ActiveCfg = Debug|Any CPU
		{A2AF7699-D5CB-4062-8715-A9B1BDC08F25}.Debug|Any CPU.Build.0 = Debug|Any CPU
		{A2AF7699-D5CB-4062-8715-A9B1BDC08F25}.Release|Any CPU.ActiveCfg = Release|Any CPU
		{A2AF7699-D5CB-4062-8715-A9B1BDC08F25}.Release|Any CPU.Build.0 = Release|Any CPU
		{6E9C25A3-54AB-49C4-97AB-31E70F9D9BEA}.Debug|Any CPU.ActiveCfg = Debug|Any CPU
		{6E9C25A3-54AB-49C4-97AB-31E70F9D9BEA}.Debug|Any CPU.Build.0 = Debug|Any CPU
		{6E9C25A3-54AB-49C4-97AB-31E70F9D9BEA}.Release|Any CPU.ActiveCfg = Release|Any CPU
		{6E9C25A3-54AB-49C4-97AB-31E70F9D9BEA}.Release|Any CPU.Build.0 = Release|Any CPU
		{2DBA8172-3BD2-4BDB-A841-0D5EB6290992}.Debug|Any CPU.ActiveCfg = Debug|Any CPU
		{2DBA8172-3BD2-4BDB-A841-0D5EB6290992}.Debug|Any CPU.Build.0 = Debug|Any CPU
		{2DBA8172-3BD2-4BDB-A841-0D5EB6290992}.Release|Any CPU.ActiveCfg = Release|Any CPU
		{2DBA8172-3BD2-4BDB-A841-0D5EB6290992}.Release|Any CPU.Build.0 = Release|Any CPU
		{A1954529-18C3-4C42-A881-0DA8E8C3BF21}.Debug|Any CPU.ActiveCfg = Debug|Any CPU
		{A1954529-18C3-4C42-A881-0DA8E8C3BF21}.Debug|Any CPU.Build.0 = Debug|Any CPU
		{A1954529-18C3-4C42-A881-0DA8E8C3BF21}.Release|Any CPU.ActiveCfg = Release|Any CPU
		{A1954529-18C3-4C42-A881-0DA8E8C3BF21}.Release|Any CPU.Build.0 = Release|Any CPU
		{C7A8FD51-051F-4108-8E16-1519867BD9F2}.Debug|Any CPU.ActiveCfg = Debug|Any CPU
		{C7A8FD51-051F-4108-8E16-1519867BD9F2}.Debug|Any CPU.Build.0 = Debug|Any CPU
		{C7A8FD51-051F-4108-8E16-1519867BD9F2}.Release|Any CPU.ActiveCfg = Release|Any CPU
		{C7A8FD51-051F-4108-8E16-1519867BD9F2}.Release|Any CPU.Build.0 = Release|Any CPU
		{65351C5D-1F5C-4961-A839-8BE668BA089B}.Debug|Any CPU.ActiveCfg = Debug|Any CPU
		{65351C5D-1F5C-4961-A839-8BE668BA089B}.Debug|Any CPU.Build.0 = Debug|Any CPU
		{65351C5D-1F5C-4961-A839-8BE668BA089B}.Release|Any CPU.ActiveCfg = Release|Any CPU
		{65351C5D-1F5C-4961-A839-8BE668BA089B}.Release|Any CPU.Build.0 = Release|Any CPU
		{B460E684-85BD-45D0-9F3D-95790DEC69AB}.Debug|Any CPU.ActiveCfg = Debug|Any CPU
		{B460E684-85BD-45D0-9F3D-95790DEC69AB}.Debug|Any CPU.Build.0 = Debug|Any CPU
		{B460E684-85BD-45D0-9F3D-95790DEC69AB}.Release|Any CPU.ActiveCfg = Release|Any CPU
		{B460E684-85BD-45D0-9F3D-95790DEC69AB}.Release|Any CPU.Build.0 = Release|Any CPU
		{99A97AC7-B06E-4877-A8AC-131F08BCA45D}.Debug|Any CPU.ActiveCfg = Debug|Any CPU
		{99A97AC7-B06E-4877-A8AC-131F08BCA45D}.Debug|Any CPU.Build.0 = Debug|Any CPU
		{99A97AC7-B06E-4877-A8AC-131F08BCA45D}.Release|Any CPU.ActiveCfg = Release|Any CPU
		{99A97AC7-B06E-4877-A8AC-131F08BCA45D}.Release|Any CPU.Build.0 = Release|Any CPU
		{D3B0519A-8C35-47F9-AF56-5AB5C4B954AB}.Debug|Any CPU.ActiveCfg = Debug|Any CPU
		{D3B0519A-8C35-47F9-AF56-5AB5C4B954AB}.Debug|Any CPU.Build.0 = Debug|Any CPU
		{D3B0519A-8C35-47F9-AF56-5AB5C4B954AB}.Release|Any CPU.ActiveCfg = Release|Any CPU
		{D3B0519A-8C35-47F9-AF56-5AB5C4B954AB}.Release|Any CPU.Build.0 = Release|Any CPU
		{CB86AEB9-A556-42B0-942F-9D5A8A5A440F}.Debug|Any CPU.ActiveCfg = Debug|Any CPU
		{CB86AEB9-A556-42B0-942F-9D5A8A5A440F}.Debug|Any CPU.Build.0 = Debug|Any CPU
		{CB86AEB9-A556-42B0-942F-9D5A8A5A440F}.Release|Any CPU.ActiveCfg = Release|Any CPU
		{CB86AEB9-A556-42B0-942F-9D5A8A5A440F}.Release|Any CPU.Build.0 = Release|Any CPU
		{89ED9BD7-A94C-43CF-92C1-D470EFF9AD91}.Debug|Any CPU.ActiveCfg = Debug|Any CPU
		{89ED9BD7-A94C-43CF-92C1-D470EFF9AD91}.Debug|Any CPU.Build.0 = Debug|Any CPU
		{89ED9BD7-A94C-43CF-92C1-D470EFF9AD91}.Release|Any CPU.ActiveCfg = Release|Any CPU
		{89ED9BD7-A94C-43CF-92C1-D470EFF9AD91}.Release|Any CPU.Build.0 = Release|Any CPU
		{809988AB-7F2A-4E8D-8A0E-16E3DCA76B04}.Debug|Any CPU.ActiveCfg = Debug|Any CPU
		{809988AB-7F2A-4E8D-8A0E-16E3DCA76B04}.Debug|Any CPU.Build.0 = Debug|Any CPU
		{809988AB-7F2A-4E8D-8A0E-16E3DCA76B04}.Release|Any CPU.ActiveCfg = Release|Any CPU
		{809988AB-7F2A-4E8D-8A0E-16E3DCA76B04}.Release|Any CPU.Build.0 = Release|Any CPU
		{F38CB268-FFD7-4305-BBCF-81202157577A}.Debug|Any CPU.ActiveCfg = Debug|Any CPU
		{F38CB268-FFD7-4305-BBCF-81202157577A}.Debug|Any CPU.Build.0 = Debug|Any CPU
		{F38CB268-FFD7-4305-BBCF-81202157577A}.Release|Any CPU.ActiveCfg = Release|Any CPU
		{F38CB268-FFD7-4305-BBCF-81202157577A}.Release|Any CPU.Build.0 = Release|Any CPU
		{A92B7A35-BE90-4C66-87EC-500306E75C35}.Debug|Any CPU.ActiveCfg = Debug|Any CPU
		{A92B7A35-BE90-4C66-87EC-500306E75C35}.Debug|Any CPU.Build.0 = Debug|Any CPU
		{A92B7A35-BE90-4C66-87EC-500306E75C35}.Release|Any CPU.ActiveCfg = Release|Any CPU
		{A92B7A35-BE90-4C66-87EC-500306E75C35}.Release|Any CPU.Build.0 = Release|Any CPU
		{C4D01B85-FB21-49D2-8004-B18006DB4056}.Debug|Any CPU.ActiveCfg = Debug|Any CPU
		{C4D01B85-FB21-49D2-8004-B18006DB4056}.Debug|Any CPU.Build.0 = Debug|Any CPU
		{C4D01B85-FB21-49D2-8004-B18006DB4056}.Release|Any CPU.ActiveCfg = Release|Any CPU
		{C4D01B85-FB21-49D2-8004-B18006DB4056}.Release|Any CPU.Build.0 = Release|Any CPU
		{99003488-4C63-4AE6-AC79-A316FB758E45}.Debug|Any CPU.ActiveCfg = Debug|Any CPU
		{99003488-4C63-4AE6-AC79-A316FB758E45}.Debug|Any CPU.Build.0 = Debug|Any CPU
		{99003488-4C63-4AE6-AC79-A316FB758E45}.Release|Any CPU.ActiveCfg = Release|Any CPU
		{99003488-4C63-4AE6-AC79-A316FB758E45}.Release|Any CPU.Build.0 = Release|Any CPU
		{112B1E81-DCB9-40A4-AE2F-0EF49D8C98B3}.Debug|Any CPU.ActiveCfg = Debug|Any CPU
		{112B1E81-DCB9-40A4-AE2F-0EF49D8C98B3}.Debug|Any CPU.Build.0 = Debug|Any CPU
		{112B1E81-DCB9-40A4-AE2F-0EF49D8C98B3}.Release|Any CPU.ActiveCfg = Release|Any CPU
		{112B1E81-DCB9-40A4-AE2F-0EF49D8C98B3}.Release|Any CPU.Build.0 = Release|Any CPU
		{5EE4F679-8787-40DC-A879-2C1C947B87C4}.Debug|Any CPU.ActiveCfg = Debug|Any CPU
		{5EE4F679-8787-40DC-A879-2C1C947B87C4}.Debug|Any CPU.Build.0 = Debug|Any CPU
		{5EE4F679-8787-40DC-A879-2C1C947B87C4}.Release|Any CPU.ActiveCfg = Release|Any CPU
		{5EE4F679-8787-40DC-A879-2C1C947B87C4}.Release|Any CPU.Build.0 = Release|Any CPU
		{8A8CD1D8-EDEE-4B7C-B229-7775F1EB503F}.Debug|Any CPU.ActiveCfg = Debug|Any CPU
		{8A8CD1D8-EDEE-4B7C-B229-7775F1EB503F}.Debug|Any CPU.Build.0 = Debug|Any CPU
		{8A8CD1D8-EDEE-4B7C-B229-7775F1EB503F}.Release|Any CPU.ActiveCfg = Release|Any CPU
		{8A8CD1D8-EDEE-4B7C-B229-7775F1EB503F}.Release|Any CPU.Build.0 = Release|Any CPU
		{3E045D2D-115C-450C-94E2-E3C0D68DF9FF}.Debug|Any CPU.ActiveCfg = Debug|Any CPU
		{3E045D2D-115C-450C-94E2-E3C0D68DF9FF}.Debug|Any CPU.Build.0 = Debug|Any CPU
		{3E045D2D-115C-450C-94E2-E3C0D68DF9FF}.Release|Any CPU.ActiveCfg = Release|Any CPU
		{3E045D2D-115C-450C-94E2-E3C0D68DF9FF}.Release|Any CPU.Build.0 = Release|Any CPU
		{9FA2FC8A-6806-4D54-9A66-F341FFBBD860}.Debug|Any CPU.ActiveCfg = Debug|Any CPU
		{9FA2FC8A-6806-4D54-9A66-F341FFBBD860}.Debug|Any CPU.Build.0 = Debug|Any CPU
		{9FA2FC8A-6806-4D54-9A66-F341FFBBD860}.Release|Any CPU.ActiveCfg = Release|Any CPU
		{9FA2FC8A-6806-4D54-9A66-F341FFBBD860}.Release|Any CPU.Build.0 = Release|Any CPU
	EndGlobalSection
	GlobalSection(NestedProjects) = preSolution
		{870B9A54-BD11-469A-A8D4-7B727C0B5B43} = {A89A920F-FE1F-41A1-A62D-7E11250B5576}
		{83F13633-73EC-4FF5-83E3-96C660BB5A1D} = {A89A920F-FE1F-41A1-A62D-7E11250B5576}
		{6E9C25A3-54AB-49C4-97AB-31E70F9D9BEA} = {A89A920F-FE1F-41A1-A62D-7E11250B5576}
		{BDF28345-C176-4EF1-887D-12F7EDECF811} = {A89A920F-FE1F-41A1-A62D-7E11250B5576}
		{E8FFFC47-3286-4B5E-B95C-1025F8E36D50} = {592D1AA6-E902-4D44-BDDA-CF54EA15B5A0}
		{2DBA8172-3BD2-4BDB-A841-0D5EB6290992} = {BDF28345-C176-4EF1-887D-12F7EDECF811}
		{C7A8FD51-051F-4108-8E16-1519867BD9F2} = {592D1AA6-E902-4D44-BDDA-CF54EA15B5A0}
		{B460E684-85BD-45D0-9F3D-95790DEC69AB} = {E8FFFC47-3286-4B5E-B95C-1025F8E36D50}
		{99A97AC7-B06E-4877-A8AC-131F08BCA45D} = {E8FFFC47-3286-4B5E-B95C-1025F8E36D50}
		{D3B0519A-8C35-47F9-AF56-5AB5C4B954AB} = {BDF28345-C176-4EF1-887D-12F7EDECF811}
		{A1954529-18C3-4C42-A881-0DA8E8C3BF21} = {E8FFFC47-3286-4B5E-B95C-1025F8E36D50}
		{65351C5D-1F5C-4961-A839-8BE668BA089B} = {592D1AA6-E902-4D44-BDDA-CF54EA15B5A0}
		{809988AB-7F2A-4E8D-8A0E-16E3DCA76B04} = {BDF28345-C176-4EF1-887D-12F7EDECF811}
		{BD7E6EA4-E920-48E1-A527-7763B994EB3A} = {A89A920F-FE1F-41A1-A62D-7E11250B5576}
		{89ED9BD7-A94C-43CF-92C1-D470EFF9AD91} = {BD7E6EA4-E920-48E1-A527-7763B994EB3A}
		{F38CB268-FFD7-4305-BBCF-81202157577A} = {BD7E6EA4-E920-48E1-A527-7763B994EB3A}
		{A92B7A35-BE90-4C66-87EC-500306E75C35} = {BD7E6EA4-E920-48E1-A527-7763B994EB3A}
		{A2247354-5DC4-4F65-B235-A7F3B5170165} = {A89A920F-FE1F-41A1-A62D-7E11250B5576}
		{A2AF7699-D5CB-4062-8715-A9B1BDC08F25} = {A2247354-5DC4-4F65-B235-A7F3B5170165}
		{C4D01B85-FB21-49D2-8004-B18006DB4056} = {A2247354-5DC4-4F65-B235-A7F3B5170165}
		{99003488-4C63-4AE6-AC79-A316FB758E45} = {E8FFFC47-3286-4B5E-B95C-1025F8E36D50}
		{112B1E81-DCB9-40A4-AE2F-0EF49D8C98B3} = {BDF28345-C176-4EF1-887D-12F7EDECF811}
		{8A8CD1D8-EDEE-4B7C-B229-7775F1EB503F} = {A89A920F-FE1F-41A1-A62D-7E11250B5576}
		{3E045D2D-115C-450C-94E2-E3C0D68DF9FF} = {1FCEF48D-9F49-4DE6-A843-A55B286EDFDA}
		{6D779225-B797-4173-90B6-0CB428C2FA6F} = {1FCEF48D-9F49-4DE6-A843-A55B286EDFDA}
		{CB86AEB9-A556-42B0-942F-9D5A8A5A440F} = {1FCEF48D-9F49-4DE6-A843-A55B286EDFDA}
		{9FA2FC8A-6806-4D54-9A66-F341FFBBD860} = {1FCEF48D-9F49-4DE6-A843-A55B286EDFDA}
		{5EE4F679-8787-40DC-A879-2C1C947B87C4} = {1FCEF48D-9F49-4DE6-A843-A55B286EDFDA}
	EndGlobalSection
EndGlobal
