
Microsoft Visual Studio Solution File, Format Version 12.00
Project("{FAE04EC0-301F-11D3-BF4B-00C04F79EFBC}") = "Hoeyer.OpcUa.Core", "Hoeyer.OpcUa.Core\Hoeyer.OpcUa.Core.csproj", "{83F13633-73EC-4FF5-83E3-96C660BB5A1D}"
EndProject
Project("{FAE04EC0-301F-11D3-BF4B-00C04F79EFBC}") = "MyOpcUaWebApplication", "MyOpcUaWebApplication\MyOpcUaWebApplication.csproj", "{6D779225-B797-4173-90B6-0CB428C2FA6F}"
EndProject
Project("{FAE04EC0-301F-11D3-BF4B-00C04F79EFBC}") = "Hoeyer.Common", "Hoeyer.Common\Hoeyer.Common.csproj", "{870B9A54-BD11-469A-A8D4-7B727C0B5B43}"
EndProject
Project("{FAE04EC0-301F-11D3-BF4B-00C04F79EFBC}") = "Hoeyer.OpcUa.Client", "Hoeyer.OpcUa.Client\Hoeyer.OpcUa.Client.csproj", "{A2AF7699-D5CB-4062-8715-A9B1BDC08F25}"
EndProject
Project("{FAE04EC0-301F-11D3-BF4B-00C04F79EFBC}") = "Hoeyer.OpcUa.Server", "Hoeyer.OpcUa.Server\Hoeyer.OpcUa.Server.csproj", "{6E9C25A3-54AB-49C4-97AB-31E70F9D9BEA}"
EndProject
Project("{FAE04EC0-301F-11D3-BF4B-00C04F79EFBC}") = "Hoeyer.OpcUa.CompileTime.Analysis", "Hoeyer.OpcUa.CompileTime.Analysis\Hoeyer.OpcUa.CompileTime.Analysis.csproj", "{F0CB3955-A9F8-4B76-B200-3AA3BBE22656}"
EndProject
Project("{2150E333-8FDC-42A3-9474-1A3956D46DE8}") = "src", "src", "{A89A920F-FE1F-41A1-A62D-7E11250B5576}"
EndProject
Project("{2150E333-8FDC-42A3-9474-1A3956D46DE8}") = "test", "test", "{592D1AA6-E902-4D44-BDDA-CF54EA15B5A0}"
EndProject
Project("{2150E333-8FDC-42A3-9474-1A3956D46DE8}") = "compiletime", "compiletime", "{E6628798-D193-491C-A8F9-8EE1B7774E1D}"
EndProject
Project("{FAE04EC0-301F-11D3-BF4B-00C04F79EFBC}") = "Hoeyer.OpcUa.Entity.CompileTime.TestDrivers", "Hoeyer.OpcUa.Entity.CompileTime.TestDrivers\Hoeyer.OpcUa.Entity.CompileTime.TestDrivers.csproj", "{5FF998E2-4895-4ABC-A38A-BB667CA70484}"
EndProject
Project("{2150E333-8FDC-42A3-9474-1A3956D46DE8}") = "compiletime", "compiletime", "{BDF28345-C176-4EF1-887D-12F7EDECF811}"
EndProject
Project("{2150E333-8FDC-42A3-9474-1A3956D46DE8}") = "unittest", "unittest", "{E8FFFC47-3286-4B5E-B95C-1025F8E36D50}"
EndProject
Project("{FAE04EC0-301F-11D3-BF4B-00C04F79EFBC}") = "Hoeyer.OpcUa.Server.SourceGeneration", "Hoeyer.OpcUa.Server.SourceGeneration\Hoeyer.OpcUa.Server.SourceGeneration.csproj", "{2DBA8172-3BD2-4BDB-A841-0D5EB6290992}"
EndProject
Project("{FAE04EC0-301F-11D3-BF4B-00C04F79EFBC}") = "Hoeyer.OpcUa.CompileTime.Test", "Hoeyer.OpcUa.CompileTime.Test\Hoeyer.OpcUa.CompileTime.Test.csproj", "{A1954529-18C3-4C42-A881-0DA8E8C3BF21}"
EndProject
Project("{FAE04EC0-301F-11D3-BF4B-00C04F79EFBC}") = "Hoeyer.OpcUa.Test.TUnit", "Hoeyer.OpcUa.Test.TUnit\Hoeyer.OpcUa.Test.TUnit.csproj", "{C7A8FD51-051F-4108-8E16-1519867BD9F2}"
EndProject
Project("{2150E333-8FDC-42A3-9474-1A3956D46DE8}") = "integrationtest", "integrationtest", "{9ECAEF5B-D1C2-4EEE-85E2-E99AE6E0D60E}"
EndProject
Project("{FAE04EC0-301F-11D3-BF4B-00C04F79EFBC}") = "Hoeyer.OpcUa.EndToEnd", "Hoeyer.OpcUa.EndToEnd\Hoeyer.OpcUa.EndToEnd.csproj", "{65351C5D-1F5C-4961-A839-8BE668BA089B}"
EndProject
Project("{FAE04EC0-301F-11D3-BF4B-00C04F79EFBC}") = "Hoeyer.OpcUa.CompileTime.CodeFix", "Hoeyer.OpcUa.CompileTime.CodeFix\Hoeyer.OpcUa.CompileTime.CodeFix.csproj", "{F8CE8AF7-9636-42FA-909A-7604DEC0FBA1}"
EndProject
Project("{FAE04EC0-301F-11D3-BF4B-00C04F79EFBC}") = "Hoeyer.Common.Test", "Hoeyer.Common.Test\Hoeyer.Common.Test.csproj", "{B460E684-85BD-45D0-9F3D-95790DEC69AB}"
EndProject
Project("{FAE04EC0-301F-11D3-BF4B-00C04F79EFBC}") = "Hoeyer.OpcUa.Core.Test", "Hoeyer.OpcUa.Core.Test\Hoeyer.OpcUa.Core.Test.csproj", "{99A97AC7-B06E-4877-A8AC-131F08BCA45D}"
EndProject
Global
	GlobalSection(SolutionConfigurationPlatforms) = preSolution
		Debug|Any CPU = Debug|Any CPU
		Release|Any CPU = Release|Any CPU
	EndGlobalSection
	GlobalSection(ProjectConfigurationPlatforms) = postSolution
		{83F13633-73EC-4FF5-83E3-96C660BB5A1D}.Debug|Any CPU.ActiveCfg = Debug|Any CPU
		{83F13633-73EC-4FF5-83E3-96C660BB5A1D}.Debug|Any CPU.Build.0 = Debug|Any CPU
		{83F13633-73EC-4FF5-83E3-96C660BB5A1D}.Release|Any CPU.ActiveCfg = Release|Any CPU
		{83F13633-73EC-4FF5-83E3-96C660BB5A1D}.Release|Any CPU.Build.0 = Release|Any CPU
		{6D779225-B797-4173-90B6-0CB428C2FA6F}.Debug|Any CPU.ActiveCfg = Debug|Any CPU
		{6D779225-B797-4173-90B6-0CB428C2FA6F}.Debug|Any CPU.Build.0 = Debug|Any CPU
		{6D779225-B797-4173-90B6-0CB428C2FA6F}.Release|Any CPU.ActiveCfg = Release|Any CPU
		{6D779225-B797-4173-90B6-0CB428C2FA6F}.Release|Any CPU.Build.0 = Release|Any CPU
		{870B9A54-BD11-469A-A8D4-7B727C0B5B43}.Debug|Any CPU.ActiveCfg = Debug|Any CPU
		{870B9A54-BD11-469A-A8D4-7B727C0B5B43}.Debug|Any CPU.Build.0 = Debug|Any CPU
		{870B9A54-BD11-469A-A8D4-7B727C0B5B43}.Release|Any CPU.ActiveCfg = Release|Any CPU
		{870B9A54-BD11-469A-A8D4-7B727C0B5B43}.Release|Any CPU.Build.0 = Release|Any CPU
		{A2AF7699-D5CB-4062-8715-A9B1BDC08F25}.Debug|Any CPU.ActiveCfg = Debug|Any CPU
		{A2AF7699-D5CB-4062-8715-A9B1BDC08F25}.Debug|Any CPU.Build.0 = Debug|Any CPU
		{A2AF7699-D5CB-4062-8715-A9B1BDC08F25}.Release|Any CPU.ActiveCfg = Release|Any CPU
		{A2AF7699-D5CB-4062-8715-A9B1BDC08F25}.Release|Any CPU.Build.0 = Release|Any CPU
		{6E9C25A3-54AB-49C4-97AB-31E70F9D9BEA}.Debug|Any CPU.ActiveCfg = Debug|Any CPU
		{6E9C25A3-54AB-49C4-97AB-31E70F9D9BEA}.Debug|Any CPU.Build.0 = Debug|Any CPU
		{6E9C25A3-54AB-49C4-97AB-31E70F9D9BEA}.Release|Any CPU.ActiveCfg = Release|Any CPU
		{6E9C25A3-54AB-49C4-97AB-31E70F9D9BEA}.Release|Any CPU.Build.0 = Release|Any CPU
		{F0CB3955-A9F8-4B76-B200-3AA3BBE22656}.Debug|Any CPU.ActiveCfg = Debug|Any CPU
		{F0CB3955-A9F8-4B76-B200-3AA3BBE22656}.Debug|Any CPU.Build.0 = Debug|Any CPU
		{F0CB3955-A9F8-4B76-B200-3AA3BBE22656}.Release|Any CPU.ActiveCfg = Release|Any CPU
		{F0CB3955-A9F8-4B76-B200-3AA3BBE22656}.Release|Any CPU.Build.0 = Release|Any CPU
		{5FF998E2-4895-4ABC-A38A-BB667CA70484}.Debug|Any CPU.ActiveCfg = Debug|Any CPU
		{5FF998E2-4895-4ABC-A38A-BB667CA70484}.Debug|Any CPU.Build.0 = Debug|Any CPU
		{5FF998E2-4895-4ABC-A38A-BB667CA70484}.Release|Any CPU.ActiveCfg = Release|Any CPU
		{5FF998E2-4895-4ABC-A38A-BB667CA70484}.Release|Any CPU.Build.0 = Release|Any CPU
		{2DBA8172-3BD2-4BDB-A841-0D5EB6290992}.Debug|Any CPU.ActiveCfg = Debug|Any CPU
		{2DBA8172-3BD2-4BDB-A841-0D5EB6290992}.Debug|Any CPU.Build.0 = Debug|Any CPU
		{2DBA8172-3BD2-4BDB-A841-0D5EB6290992}.Release|Any CPU.ActiveCfg = Release|Any CPU
		{2DBA8172-3BD2-4BDB-A841-0D5EB6290992}.Release|Any CPU.Build.0 = Release|Any CPU
		{A1954529-18C3-4C42-A881-0DA8E8C3BF21}.Debug|Any CPU.ActiveCfg = Debug|Any CPU
		{A1954529-18C3-4C42-A881-0DA8E8C3BF21}.Debug|Any CPU.Build.0 = Debug|Any CPU
		{A1954529-18C3-4C42-A881-0DA8E8C3BF21}.Release|Any CPU.ActiveCfg = Release|Any CPU
		{A1954529-18C3-4C42-A881-0DA8E8C3BF21}.Release|Any CPU.Build.0 = Release|Any CPU
		{C7A8FD51-051F-4108-8E16-1519867BD9F2}.Debug|Any CPU.ActiveCfg = Debug|Any CPU
		{C7A8FD51-051F-4108-8E16-1519867BD9F2}.Debug|Any CPU.Build.0 = Debug|Any CPU
		{C7A8FD51-051F-4108-8E16-1519867BD9F2}.Release|Any CPU.ActiveCfg = Release|Any CPU
		{C7A8FD51-051F-4108-8E16-1519867BD9F2}.Release|Any CPU.Build.0 = Release|Any CPU
		{65351C5D-1F5C-4961-A839-8BE668BA089B}.Debug|Any CPU.ActiveCfg = Debug|Any CPU
		{65351C5D-1F5C-4961-A839-8BE668BA089B}.Debug|Any CPU.Build.0 = Debug|Any CPU
		{65351C5D-1F5C-4961-A839-8BE668BA089B}.Release|Any CPU.ActiveCfg = Release|Any CPU
		{65351C5D-1F5C-4961-A839-8BE668BA089B}.Release|Any CPU.Build.0 = Release|Any CPU
		{F8CE8AF7-9636-42FA-909A-7604DEC0FBA1}.Debug|Any CPU.ActiveCfg = Debug|Any CPU
		{F8CE8AF7-9636-42FA-909A-7604DEC0FBA1}.Debug|Any CPU.Build.0 = Debug|Any CPU
		{F8CE8AF7-9636-42FA-909A-7604DEC0FBA1}.Release|Any CPU.ActiveCfg = Release|Any CPU
		{F8CE8AF7-9636-42FA-909A-7604DEC0FBA1}.Release|Any CPU.Build.0 = Release|Any CPU
		{B460E684-85BD-45D0-9F3D-95790DEC69AB}.Debug|Any CPU.ActiveCfg = Debug|Any CPU
		{B460E684-85BD-45D0-9F3D-95790DEC69AB}.Debug|Any CPU.Build.0 = Debug|Any CPU
		{B460E684-85BD-45D0-9F3D-95790DEC69AB}.Release|Any CPU.ActiveCfg = Release|Any CPU
		{B460E684-85BD-45D0-9F3D-95790DEC69AB}.Release|Any CPU.Build.0 = Release|Any CPU
		{99A97AC7-B06E-4877-A8AC-131F08BCA45D}.Debug|Any CPU.ActiveCfg = Debug|Any CPU
		{99A97AC7-B06E-4877-A8AC-131F08BCA45D}.Debug|Any CPU.Build.0 = Debug|Any CPU
		{99A97AC7-B06E-4877-A8AC-131F08BCA45D}.Release|Any CPU.ActiveCfg = Release|Any CPU
		{99A97AC7-B06E-4877-A8AC-131F08BCA45D}.Release|Any CPU.Build.0 = Release|Any CPU
	EndGlobalSection
	GlobalSection(NestedProjects) = preSolution
		{870B9A54-BD11-469A-A8D4-7B727C0B5B43} = {A89A920F-FE1F-41A1-A62D-7E11250B5576}
		{83F13633-73EC-4FF5-83E3-96C660BB5A1D} = {A89A920F-FE1F-41A1-A62D-7E11250B5576}
		{A2AF7699-D5CB-4062-8715-A9B1BDC08F25} = {A89A920F-FE1F-41A1-A62D-7E11250B5576}
		{6E9C25A3-54AB-49C4-97AB-31E70F9D9BEA} = {A89A920F-FE1F-41A1-A62D-7E11250B5576}
		{6D779225-B797-4173-90B6-0CB428C2FA6F} = {A89A920F-FE1F-41A1-A62D-7E11250B5576}
		{5FF998E2-4895-4ABC-A38A-BB667CA70484} = {E6628798-D193-491C-A8F9-8EE1B7774E1D}
		{BDF28345-C176-4EF1-887D-12F7EDECF811} = {A89A920F-FE1F-41A1-A62D-7E11250B5576}
		{F0CB3955-A9F8-4B76-B200-3AA3BBE22656} = {BDF28345-C176-4EF1-887D-12F7EDECF811}
		{E8FFFC47-3286-4B5E-B95C-1025F8E36D50} = {592D1AA6-E902-4D44-BDDA-CF54EA15B5A0}
		{2DBA8172-3BD2-4BDB-A841-0D5EB6290992} = {BDF28345-C176-4EF1-887D-12F7EDECF811}
		{A1954529-18C3-4C42-A881-0DA8E8C3BF21} = {E6628798-D193-491C-A8F9-8EE1B7774E1D}
		{C7A8FD51-051F-4108-8E16-1519867BD9F2} = {592D1AA6-E902-4D44-BDDA-CF54EA15B5A0}
		{9ECAEF5B-D1C2-4EEE-85E2-E99AE6E0D60E} = {592D1AA6-E902-4D44-BDDA-CF54EA15B5A0}
		{E6628798-D193-491C-A8F9-8EE1B7774E1D} = {E8FFFC47-3286-4B5E-B95C-1025F8E36D50}
		{65351C5D-1F5C-4961-A839-8BE668BA089B} = {9ECAEF5B-D1C2-4EEE-85E2-E99AE6E0D60E}
		{F8CE8AF7-9636-42FA-909A-7604DEC0FBA1} = {BDF28345-C176-4EF1-887D-12F7EDECF811}
		{B460E684-85BD-45D0-9F3D-95790DEC69AB} = {E8FFFC47-3286-4B5E-B95C-1025F8E36D50}
		{99A97AC7-B06E-4877-A8AC-131F08BCA45D} = {E8FFFC47-3286-4B5E-B95C-1025F8E36D50}
	EndGlobalSection
EndGlobal
